
Microsoft Visual Studio Solution File, Format Version 12.00
# Visual Studio 14
VisualStudioVersion = 14.0.25123.0
MinimumVisualStudioVersion = 10.0.40219.1
Project("{8BC9CEB8-8B4A-11D0-8D11-00A0C91BC942}") = "zengine", "zengine\zengine.vcxproj", "{31844F21-69DE-4C92-A7D5-C8DEFE994011}"
EndProject
Project("{8BC9CEB8-8B4A-11D0-8D11-00A0C91BC942}") = "zengarden", "zengarden\zengarden.vcxproj", "{B12702AD-ABFB-343A-A199-8E24837244A3}"
EndProject
Global
	GlobalSection(SolutionConfigurationPlatforms) = preSolution
		Debug|Win32 = Debug|Win32
		Debug|x64 = Debug|x64
		Debug-static|Win32 = Debug-static|Win32
		Debug-static|x64 = Debug-static|x64
		Release|Win32 = Release|Win32
		Release|x64 = Release|x64
		Release-static|Win32 = Release-static|Win32
		Release-static|x64 = Release-static|x64
	EndGlobalSection
	GlobalSection(ProjectConfigurationPlatforms) = postSolution
		{31844F21-69DE-4C92-A7D5-C8DEFE994011}.Debug|Win32.ActiveCfg = Debug|Win32
		{31844F21-69DE-4C92-A7D5-C8DEFE994011}.Debug|Win32.Build.0 = Debug|Win32
		{31844F21-69DE-4C92-A7D5-C8DEFE994011}.Debug|x64.ActiveCfg = Debug|x64
		{31844F21-69DE-4C92-A7D5-C8DEFE994011}.Debug|x64.Build.0 = Debug|x64
		{31844F21-69DE-4C92-A7D5-C8DEFE994011}.Debug-static|Win32.ActiveCfg = Debug|Win32
		{31844F21-69DE-4C92-A7D5-C8DEFE994011}.Debug-static|Win32.Build.0 = Debug|Win32
		{31844F21-69DE-4C92-A7D5-C8DEFE994011}.Debug-static|x64.ActiveCfg = Debug|x64
		{31844F21-69DE-4C92-A7D5-C8DEFE994011}.Debug-static|x64.Build.0 = Debug|x64
		{31844F21-69DE-4C92-A7D5-C8DEFE994011}.Release|Win32.ActiveCfg = Release|Win32
		{31844F21-69DE-4C92-A7D5-C8DEFE994011}.Release|Win32.Build.0 = Release|Win32
		{31844F21-69DE-4C92-A7D5-C8DEFE994011}.Release|x64.ActiveCfg = Release|x64
		{31844F21-69DE-4C92-A7D5-C8DEFE994011}.Release|x64.Build.0 = Release|x64
		{31844F21-69DE-4C92-A7D5-C8DEFE994011}.Release-static|Win32.ActiveCfg = Release|Win32
		{31844F21-69DE-4C92-A7D5-C8DEFE994011}.Release-static|Win32.Build.0 = Release|Win32
		{31844F21-69DE-4C92-A7D5-C8DEFE994011}.Release-static|x64.ActiveCfg = Release|x64
		{31844F21-69DE-4C92-A7D5-C8DEFE994011}.Release-static|x64.Build.0 = Release|x64
		{B12702AD-ABFB-343A-A199-8E24837244A3}.Debug|Win32.ActiveCfg = Debug|Win32
		{B12702AD-ABFB-343A-A199-8E24837244A3}.Debug|Win32.Build.0 = Debug|Win32
		{B12702AD-ABFB-343A-A199-8E24837244A3}.Debug|x64.ActiveCfg = Debug|x64
		{B12702AD-ABFB-343A-A199-8E24837244A3}.Debug|x64.Build.0 = Debug|x64
		{B12702AD-ABFB-343A-A199-8E24837244A3}.Debug-static|Win32.ActiveCfg = Debug-static|Win32
		{B12702AD-ABFB-343A-A199-8E24837244A3}.Debug-static|Win32.Build.0 = Debug-static|Win32
		{B12702AD-ABFB-343A-A199-8E24837244A3}.Debug-static|x64.ActiveCfg = Debug-static|x64
		{B12702AD-ABFB-343A-A199-8E24837244A3}.Debug-static|x64.Build.0 = Debug-static|x64
		{B12702AD-ABFB-343A-A199-8E24837244A3}.Release|Win32.ActiveCfg = Release|Win32
		{B12702AD-ABFB-343A-A199-8E24837244A3}.Release|Win32.Build.0 = Release|Win32
		{B12702AD-ABFB-343A-A199-8E24837244A3}.Release|x64.ActiveCfg = Release|x64
		{B12702AD-ABFB-343A-A199-8E24837244A3}.Release|x64.Build.0 = Release|x64
		{B12702AD-ABFB-343A-A199-8E24837244A3}.Release-static|Win32.ActiveCfg = Release-static|Win32
		{B12702AD-ABFB-343A-A199-8E24837244A3}.Release-static|Win32.Build.0 = Release-static|Win32
		{B12702AD-ABFB-343A-A199-8E24837244A3}.Release-static|x64.ActiveCfg = Release-static|x64
		{B12702AD-ABFB-343A-A199-8E24837244A3}.Release-static|x64.Build.0 = Release-static|x64
	EndGlobalSection
	GlobalSection(SolutionProperties) = preSolution
		HideSolutionNode = FALSE
	EndGlobalSection
	GlobalSection(ExtensibilityGlobals) = postSolution
		Qt5Version = $(DefaultQtVersion)
	EndGlobalSection
EndGlobal
