<?xml version="1.0" encoding="utf-8"?>
<Project ToolsVersion="4.0" xmlns="http://schemas.microsoft.com/developer/msbuild/2003">
  <ItemGroup>
    <Filter Include="doc">
      <UniqueIdentifier>{8f1b49aa-7e9b-4335-8463-052ad78a62e2}</UniqueIdentifier>
    </Filter>
    <Filter Include="include">
      <UniqueIdentifier>{788fb7d9-2712-45b5-aa9f-c2f1ac156d38}</UniqueIdentifier>
    </Filter>
    <Filter Include="source">
      <UniqueIdentifier>{79dcf934-de57-4e4d-bb3b-defc7a1badc6}</UniqueIdentifier>
    </Filter>
    <Filter Include="include\resources">
      <UniqueIdentifier>{df1c26b3-77fb-4457-a7fd-c6a2a64db3ff}</UniqueIdentifier>
    </Filter>
    <Filter Include="include\base">
      <UniqueIdentifier>{8c2d18f5-a263-4556-b824-d78639740c34}</UniqueIdentifier>
    </Filter>
    <Filter Include="source\base">
      <UniqueIdentifier>{ae5d5113-4091-4b5d-be7f-1768cd2c7a1b}</UniqueIdentifier>
    </Filter>
    <Filter Include="source\dom">
      <UniqueIdentifier>{580ede8c-34bf-41af-93ab-7c96b7d5cb9a}</UniqueIdentifier>
    </Filter>
    <Filter Include="source\render">
      <UniqueIdentifier>{984ecc4c-b78a-472e-ac3f-80a42f033ca8}</UniqueIdentifier>
    </Filter>
    <Filter Include="source\render\opengl">
      <UniqueIdentifier>{2dddd788-3631-435b-9eee-c3597a70f4db}</UniqueIdentifier>
    </Filter>
    <Filter Include="source\resources">
      <UniqueIdentifier>{b228b5fb-3cb5-4253-89e7-54c7802ed4a0}</UniqueIdentifier>
    </Filter>
    <Filter Include="source\shaders">
      <UniqueIdentifier>{ab4cad09-252d-4f8c-b03f-aa45a8f53383}</UniqueIdentifier>
    </Filter>
    <Filter Include="include\render">
      <UniqueIdentifier>{ee22b4d5-c892-4aa4-b356-a126766315f1}</UniqueIdentifier>
    </Filter>
    <Filter Include="include\nodes">
      <UniqueIdentifier>{5c5922b1-6bda-45a4-ba8e-2df017e06c9e}</UniqueIdentifier>
    </Filter>
    <Filter Include="source\nodes">
      <UniqueIdentifier>{4004ebad-7827-4367-bdc5-3eca317094c2}</UniqueIdentifier>
    </Filter>
    <Filter Include="include\shaders">
      <UniqueIdentifier>{22a5743a-e08c-408c-a761-ec21c9f462da}</UniqueIdentifier>
    </Filter>
    <Filter Include="include\dom">
      <UniqueIdentifier>{bf1df60c-f0f1-4c16-a66d-75ab49cc7e57}</UniqueIdentifier>
    </Filter>
    <Filter Include="source\serialize">
      <UniqueIdentifier>{e77cd999-e36b-46af-9ad0-24fec5d9d254}</UniqueIdentifier>
    </Filter>
    <Filter Include="source\serialize\json">
      <UniqueIdentifier>{34a15164-4fca-4b8a-9cac-5615b13662f6}</UniqueIdentifier>
    </Filter>
    <Filter Include="source\serialize\json\base64">
      <UniqueIdentifier>{d3e9239a-81a8-4e6f-9c60-8db0c5df89fb}</UniqueIdentifier>
    </Filter>
  </ItemGroup>
  <ItemGroup>
    <None Include="doc\shader2.txt">
      <Filter>doc</Filter>
    </None>
  </ItemGroup>
  <ItemGroup>
    <ClInclude Include="include\zengine.h">
      <Filter>include</Filter>
    </ClInclude>
    <ClInclude Include="include\resources\resourcemanager.h">
      <Filter>include\resources</Filter>
    </ClInclude>
    <ClInclude Include="include\base\helpers.h">
      <Filter>include\base</Filter>
    </ClInclude>
    <ClInclude Include="source\render\opengl\drawingopengl.h">
      <Filter>source\render\opengl</Filter>
    </ClInclude>
    <ClInclude Include="include\base\defines.h">
      <Filter>include\base</Filter>
    </ClInclude>
    <ClInclude Include="include\render\drawingapi.h">
      <Filter>include\render</Filter>
    </ClInclude>
    <ClInclude Include="include\base\vectormath.h">
      <Filter>include\base</Filter>
    </ClInclude>
    <ClInclude Include="include\base\fastdelegate.h">
      <Filter>include\base</Filter>
    </ClInclude>
    <ClInclude Include="include\base\system.h">
      <Filter>include\base</Filter>
    </ClInclude>
    <ClInclude Include="include\base\types.h">
      <Filter>include\base</Filter>
    </ClInclude>
    <ClInclude Include="include\nodes\valuenodes.h">
      <Filter>include\nodes</Filter>
    </ClInclude>
    <ClInclude Include="include\resources\mesh.h">
      <Filter>include\resources</Filter>
    </ClInclude>
    <ClInclude Include="include\resources\texture.h">
      <Filter>include\resources</Filter>
    </ClInclude>
    <ClInclude Include="include\nodes\meshnode.h">
      <Filter>include\nodes</Filter>
    </ClInclude>
    <ClInclude Include="source\shaders\shaderTokenizer.h">
      <Filter>source\shaders</Filter>
    </ClInclude>
    <ClInclude Include="include\shaders\material.h">
      <Filter>include\shaders</Filter>
    </ClInclude>
    <ClInclude Include="include\shaders\pass.h">
      <Filter>include\shaders</Filter>
    </ClInclude>
    <ClInclude Include="include\shaders\valuestubslot.h">
      <Filter>include\shaders</Filter>
    </ClInclude>
    <ClInclude Include="include\nodes\drawable.h">
      <Filter>include\nodes</Filter>
    </ClInclude>
    <ClInclude Include="include\dom\node.h">
      <Filter>include\dom</Filter>
    </ClInclude>
    <ClInclude Include="include\dom\graph.h">
      <Filter>include\dom</Filter>
    </ClInclude>
    <ClInclude Include="include\dom\document.h">
      <Filter>include\dom</Filter>
    </ClInclude>
    <ClInclude Include="source\serialize\json\jsonserializer.h">
      <Filter>source\serialize\json</Filter>
    </ClInclude>
    <ClInclude Include="include\dom\nodetype.h">
      <Filter>include\dom</Filter>
    </ClInclude>
    <ClInclude Include="include\nodes\timenode.h">
      <Filter>include\nodes</Filter>
    </ClInclude>
    <ClInclude Include="include\shaders\shadernode.h">
      <Filter>include\shaders</Filter>
    </ClInclude>
    <ClInclude Include="include\shaders\stubnode.h">
      <Filter>include\shaders</Filter>
    </ClInclude>
    <ClInclude Include="source\shaders\shaderbuilder.h">
      <Filter>source\shaders</Filter>
    </ClInclude>
    <ClInclude Include="include\render\rendertarget.h">
      <Filter>include\render</Filter>
    </ClInclude>
    <ClInclude Include="source\serialize\json\base64\base64.h">
      <Filter>source\serialize\json\base64</Filter>
    </ClInclude>
    <ClInclude Include="include\nodes\cameranode.h">
      <Filter>include\nodes</Filter>
    </ClInclude>
    <ClInclude Include="source\serialize\json\jsondeserializer.h">
      <Filter>source\serialize\json</Filter>
    </ClInclude>
    <ClInclude Include="include\nodes\scenenode.h">
      <Filter>include\nodes</Filter>
    </ClInclude>
    <ClInclude Include="source\shaders\stubanalyzer.h">
      <Filter>source\shaders</Filter>
    </ClInclude>
    <ClInclude Include="include\nodes\vectornodes.h">
      <Filter>include\nodes</Filter>
    </ClInclude>
    <ClInclude Include="include\shaders\enginestubs.h">
      <Filter>include\shaders</Filter>
    </ClInclude>
    <ClInclude Include="include\shaders\engineshaders.h">
      <Filter>include\shaders</Filter>
    </ClInclude>
    <ClInclude Include="include\nodes\splinenode.h">
      <Filter>include\nodes</Filter>
    </ClInclude>
    <ClInclude Include="include\dom\watcher.h">
      <Filter>include\nodes</Filter>
    </ClInclude>
  </ItemGroup>
  <ItemGroup>
    <ClCompile Include="source\base\helpers.cpp">
      <Filter>source\base</Filter>
    </ClCompile>
    <ClCompile Include="source\base\system.cpp">
      <Filter>source\base</Filter>
    </ClCompile>
    <ClCompile Include="source\base\vectormath.cpp">
      <Filter>source\base</Filter>
    </ClCompile>
    <ClCompile Include="source\dom\node.cpp">
      <Filter>source\dom</Filter>
    </ClCompile>
    <ClCompile Include="source\render\opengl\drawingopengl.cpp">
      <Filter>source\render\opengl</Filter>
    </ClCompile>
    <ClCompile Include="source\resources\mesh.cpp">
      <Filter>source\resources</Filter>
    </ClCompile>
    <ClCompile Include="source\resources\texture.cpp">
      <Filter>source\resources</Filter>
    </ClCompile>
    <ClCompile Include="source\resources\resourcemanager.cpp">
      <Filter>source\resources</Filter>
    </ClCompile>
    <ClCompile Include="source\zengine.cpp">
      <Filter>source</Filter>
    </ClCompile>
    <ClCompile Include="source\base\types.cpp">
      <Filter>source\base</Filter>
    </ClCompile>
    <ClCompile Include="source\nodes\meshnode.cpp">
      <Filter>source\nodes</Filter>
    </ClCompile>
    <ClCompile Include="source\shaders\shaderTokenizer.cpp">
      <Filter>source\shaders</Filter>
    </ClCompile>
    <ClCompile Include="source\shaders\material.cpp">
      <Filter>source\shaders</Filter>
    </ClCompile>
    <ClCompile Include="source\shaders\pass.cpp">
      <Filter>source\shaders</Filter>
    </ClCompile>
    <ClCompile Include="source\shaders\stubanalyzer.cpp">
      <Filter>source\shaders</Filter>
    </ClCompile>
    <ClCompile Include="source\nodes\drawable.cpp">
      <Filter>source\nodes</Filter>
    </ClCompile>
    <ClCompile Include="source\dom\graph.cpp">
      <Filter>source\dom</Filter>
    </ClCompile>
    <ClCompile Include="source\dom\document.cpp">
      <Filter>source\dom</Filter>
    </ClCompile>
    <ClCompile Include="source\serialize\json\jsonserializer.cpp">
      <Filter>source\serialize\json</Filter>
    </ClCompile>
    <ClCompile Include="source\dom\nodetype.cpp">
      <Filter>source\dom</Filter>
    </ClCompile>
    <ClCompile Include="source\nodes\timenode.cpp">
      <Filter>source\nodes</Filter>
    </ClCompile>
    <ClCompile Include="source\shaders\shadernode.cpp">
      <Filter>source\shaders</Filter>
    </ClCompile>
    <ClCompile Include="source\shaders\stubnode.cpp">
      <Filter>source\shaders</Filter>
    </ClCompile>
    <ClCompile Include="source\shaders\shaderbuilder.cpp">
      <Filter>source\shaders</Filter>
    </ClCompile>
    <ClCompile Include="source\render\rendertarget.cpp">
      <Filter>source\render</Filter>
    </ClCompile>
    <ClCompile Include="source\serialize\json\base64\base64.cpp">
      <Filter>source\serialize\json\base64</Filter>
    </ClCompile>
    <ClCompile Include="source\nodes\cameranode.cpp">
      <Filter>source\nodes</Filter>
    </ClCompile>
    <ClCompile Include="source\serialize\json\jsondeserializer.cpp">
      <Filter>source\serialize\json</Filter>
    </ClCompile>
    <ClCompile Include="source\nodes\scenenode.cpp">
      <Filter>source\nodes</Filter>
    </ClCompile>
    <ClCompile Include="source\nodes\valuenodes.cpp">
      <Filter>source\nodes</Filter>
    </ClCompile>
    <ClCompile Include="source\nodes\vectornodes.cpp">
      <Filter>source\nodes</Filter>
    </ClCompile>
    <ClCompile Include="source\shaders\enginestubs.cpp">
      <Filter>source\shaders</Filter>
    </ClCompile>
    <ClCompile Include="source\shaders\engineshaders.cpp">
      <Filter>source\shaders</Filter>
    </ClCompile>
    <ClCompile Include="source\nodes\splinenode.cpp">
      <Filter>source\nodes</Filter>
    </ClCompile>
    <ClCompile Include="source\dom\watcher.cpp">
      <Filter>source\dom</Filter>
    </ClCompile>
  </ItemGroup>
  <ItemGroup>
    <Text Include="doc\shader3.txt">
      <Filter>doc</Filter>
    </Text>
  </ItemGroup>
</Project>